
Microsoft Visual Studio Solution File, Format Version 12.00
# Visual Studio Version 17
VisualStudioVersion = 17.4.33213.308
MinimumVisualStudioVersion = 10.0.40219.1
Project("{FAE04EC0-301F-11D3-BF4B-00C04F79EFBC}") = "WebApi EF2", "WebApi EF2.csproj", "{AA7D0CF2-CF32-4AF8-822C-1212DDC97A11}"
EndProject
Global
	GlobalSection(SolutionConfigurationPlatforms) = preSolution
		Debug|Any CPU = Debug|Any CPU
		Release|Any CPU = Release|Any CPU
	EndGlobalSection
	GlobalSection(ProjectConfigurationPlatforms) = postSolution
		{AA7D0CF2-CF32-4AF8-822C-1212DDC97A11}.Debug|Any CPU.ActiveCfg = Debug|Any CPU
		{AA7D0CF2-CF32-4AF8-822C-1212DDC97A11}.Debug|Any CPU.Build.0 = Debug|Any CPU
		{AA7D0CF2-CF32-4AF8-822C-1212DDC97A11}.Release|Any CPU.ActiveCfg = Release|Any CPU
		{AA7D0CF2-CF32-4AF8-822C-1212DDC97A11}.Release|Any CPU.Build.0 = Release|Any CPU
	EndGlobalSection
	GlobalSection(SolutionProperties) = preSolution
		HideSolutionNode = FALSE
	EndGlobalSection
	GlobalSection(ExtensibilityGlobals) = postSolution
		SolutionGuid = {706CC300-63A9-41AD-9AFF-909C7C88FC68}
	EndGlobalSection
EndGlobal
